{
	"name": "authentication",
	"lockfileVersion": 2,
	"requires": true,
	"packages": {
		"": {
			"dependencies": {
				"bcryptjs": "^2.4.3",
				"zcatalyst-sdk-node": "2.2.1"
			}
		},
		"node_modules/bcryptjs": {
			"version": "2.4.3",
			"resolved": "https://registry.npmjs.org/bcryptjs/-/bcryptjs-2.4.3.tgz",
			"integrity": "sha512-V/Hy/X9Vt7f3BbPJEi8BdVFMByHi+jNXrYkW3huaybV/kQ0KJg0Y6PkEMbn+zeT+i+SiKZ/HMqJGIIt4LZDqNQ==",
			"license": "MIT"
		},
		"node_modules/zcatalyst-sdk-node": {
			"version": "2.2.1",
			"resolved": "https://registry.npmjs.org/zcatalyst-sdk-node/-/zcatalyst-sdk-node-2.2.1.tgz",
			"integrity": "sha512-1pDSshhejxc9OeNgteUM9kkqDsKBL+1dyyUBtsL5tzI8cuzS/pPhdNPMEkmZru/x7+LlgJQnt59Ti/CYlBqrww==",
			"engines": {
				"node": ">=10.0.0"
			}
		}
	},
	"dependencies": {
		"bcryptjs": {
			"version": "2.4.3",
			"resolved": "https://registry.npmjs.org/bcryptjs/-/bcryptjs-2.4.3.tgz",
			"integrity": "sha512-V/Hy/X9Vt7f3BbPJEi8BdVFMByHi+jNXrYkW3huaybV/kQ0KJg0Y6PkEMbn+zeT+i+SiKZ/HMqJGIIt4LZDqNQ=="
		},
		"zcatalyst-sdk-node": {
			"version": "2.2.1",
			"resolved": "https://registry.npmjs.org/zcatalyst-sdk-node/-/zcatalyst-sdk-node-2.2.1.tgz",
			"integrity": "sha512-1pDSshhejxc9OeNgteUM9kkqDsKBL+1dyyUBtsL5tzI8cuzS/pPhdNPMEkmZru/x7+LlgJQnt59Ti/CYlBqrww=="
		}
	}
}
